<?xml version="1.0" encoding="UTF-8" standalone="yes" ?>
<CodeBlocks_project_file>
	<FileVersion major="1" minor="6" />
	<Project>
		<Option title="Double_Pendulum" />
		<Option pch_mode="2" />
		<Option compiler="gcc" />
		<Build>
			<Target title="Debug">
				<Option output="bin/Debug/Purely_For_Practice" prefix_auto="1" extension_auto="1" />
				<Option object_output="obj/Debug/" />
				<Option type="1" />
				<Option compiler="gcc" />
				<Compiler>
					<Add option="-g" />
					<Add option="-DGLEW_STATIC" />
					<Add directory="lib_GLEW" />
					<Add directory="include_GLEW" />
					<Add directory="include" />
				</Compiler>
				<Linker>
					<Add library="glew32s" />
					<Add library="glu32" />
					<Add library="opengl32" />
					<Add library="glfw3" />
					<Add library="gdi32" />
					<Add library="user32" />
					<Add library="kernel32" />
					<Add directory="lib_GLEW/Release/Win32" />
					<Add directory="lib-mingw" />
				</Linker>
			</Target>
			<Target title="Release">
				<Option output="bin/Release/Purely_For_Practice" prefix_auto="1" extension_auto="1" />
				<Option object_output="obj/Release/" />
				<Option type="1" />
				<Option compiler="gcc" />
				<Compiler>
					<Add option="-O2" />
				</Compiler>
				<Linker>
					<Add option="-s" />
				</Linker>
			</Target>
		</Build>
		<Compiler>
			<Add option="-Wall" />
			<Add option="-fexceptions" />
		</Compiler>
		<Unit filename="OpenGL.cpp" />
		<Unit filename="OpenGL.h" />
		<Unit filename="main.cpp" />
		<Extensions>
			<code_completion />
			<envvars />
			<debugger />
		</Extensions>
	</Project>
</CodeBlocks_project_file>
